
Microsoft Visual Studio Solution File, Format Version 12.00
# Visual Studio 2012
Project("{FAE04EC0-301F-11D3-BF4B-00C04F79EFBC}") = "Core", "Core\Core.csproj", "{3A44BDBA-DAB4-4B90-AE73-9BB82FEC0120}"
EndProject
Project("{FAE04EC0-301F-11D3-BF4B-00C04F79EFBC}") = "Tests", "Tests\Tests.csproj", "{A6B72826-C5EF-4CC0-A007-EACD3A58F65C}"
EndProject
Project("{FAE04EC0-301F-11D3-BF4B-00C04F79EFBC}") = "Interfaces", "Interfaces\Interfaces.csproj", "{09F75416-657A-477E-BC20-EB201B34069F}"
EndProject
Project("{2150E333-8FDC-42A3-9474-1A3956D46DE8}") = "Buses", "Buses", "{717281DA-828A-4907-ACBA-0B4DA349893D}"
EndProject
Project("{2150E333-8FDC-42A3-9474-1A3956D46DE8}") = "Containers", "Containers", "{DFFFF51B-72F3-483A-BF64-A84E7A627D26}"
EndProject
Project("{FAE04EC0-301F-11D3-BF4B-00C04F79EFBC}") = "Buses.NServiceBus", "Buses\NServiceBus\Buses.NServiceBus.csproj", "{C98B2BDE-8DF0-4F83-BA9E-BA90CB09FA87}"
EndProject
Project("{FAE04EC0-301F-11D3-BF4B-00C04F79EFBC}") = "Unity", "Containers\Unity\Unity.csproj", "{5778A767-C424-4602-A097-298F7A1A3D70}"
EndProject
Project("{2150E333-8FDC-42A3-9474-1A3956D46DE8}") = "Samples", "Samples", "{C91DE156-BBF2-45F2-B2BD-2902E665855B}"
EndProject
Project("{FAE04EC0-301F-11D3-BF4B-00C04F79EFBC}") = "SimpleBroadcast", "Samples\SimpleBroadcast\SimpleBroadcast.csproj", "{DDA63E00-24D5-4731-9A89-E79C491E811A}"
EndProject
Project("{FAE04EC0-301F-11D3-BF4B-00C04F79EFBC}") = "SimpleComposite", "Samples\SimpleComposite\SimpleComposite.csproj", "{16C48D76-220C-4135-831F-52EA77548E63}"
EndProject
Project("{FAE04EC0-301F-11D3-BF4B-00C04F79EFBC}") = "Client", "Client\Client.csproj", "{9D2F0302-1032-4F95-959B-FD789FA1677C}"
EndProject
Project("{2150E333-8FDC-42A3-9474-1A3956D46DE8}") = "NServiceBus", "NServiceBus", "{B050E2F4-7477-4475-AD82-CB2A89AC15F5}"
EndProject
Project("{FAE04EC0-301F-11D3-BF4B-00C04F79EFBC}") = "Hub", "Samples\NServiceBus\Hub\Hub.csproj", "{BB3A017D-EBB2-4F92-8A41-6DCA754C4566}"
EndProject
Project("{FAE04EC0-301F-11D3-BF4B-00C04F79EFBC}") = "Messages", "Samples\NServiceBus\Messages\Messages.csproj", "{873FF939-E657-420A-8FE4-52A2202A8F78}"
EndProject
Project("{FAE04EC0-301F-11D3-BF4B-00C04F79EFBC}") = "Service", "Samples\NServiceBus\Service\Service.csproj", "{BE8F529C-AA33-4DB5-BBFE-928A662422B2}"
EndProject
Project("{2150E333-8FDC-42A3-9474-1A3956D46DE8}") = "ChannelPersisters", "ChannelPersisters", "{B236358F-8164-4AF3-860E-608514952692}"
EndProject
Project("{FAE04EC0-301F-11D3-BF4B-00C04F79EFBC}") = "ChannelPersisters.SqlServer", "ChannelPersisters\ChannelPersisters.SqlServer\ChannelPersisters.SqlServer.csproj", "{C3D27350-532C-4EA7-A984-5FCD68AA037A}"
EndProject
Project("{FAE04EC0-301F-11D3-BF4B-00C04F79EFBC}") = "SimpleChannel", "Samples\SimpleChannel\SimpleChannel.csproj", "{791A5A98-51DF-4345-82A1-FB8CEFD2B988}"
EndProject
Project("{2150E333-8FDC-42A3-9474-1A3956D46DE8}") = "Dependencies", "Dependencies", "{F06B645F-2B99-440B-8CB5-B1534188D7E2}"
	ProjectSection(SolutionItems) = preProject
		Samples\Dependencies\jquery.js = Samples\Dependencies\jquery.js
		Samples\Dependencies\jquery.signalR-1.0.1.js = Samples\Dependencies\jquery.signalR-1.0.1.js
		Samples\Dependencies\knockout.js = Samples\Dependencies\knockout.js
		Samples\Dependencies\Tribe.Composite.js = Samples\Dependencies\Tribe.Composite.js
		Samples\Dependencies\Tribe.SignalR.js = Samples\Dependencies\Tribe.SignalR.js
		Samples\Dependencies\Tribe.PubSub.js = Samples\Dependencies\Tribe.PubSub.js
	EndProjectSection
EndProject
Global
	GlobalSection(SolutionConfigurationPlatforms) = preSolution
		Debug|Any CPU = Debug|Any CPU
		Release|Any CPU = Release|Any CPU
	EndGlobalSection
	GlobalSection(ProjectConfigurationPlatforms) = postSolution
		{3A44BDBA-DAB4-4B90-AE73-9BB82FEC0120}.Debug|Any CPU.ActiveCfg = Debug|Any CPU
		{3A44BDBA-DAB4-4B90-AE73-9BB82FEC0120}.Debug|Any CPU.Build.0 = Debug|Any CPU
		{3A44BDBA-DAB4-4B90-AE73-9BB82FEC0120}.Release|Any CPU.ActiveCfg = Release|Any CPU
		{3A44BDBA-DAB4-4B90-AE73-9BB82FEC0120}.Release|Any CPU.Build.0 = Release|Any CPU
		{A6B72826-C5EF-4CC0-A007-EACD3A58F65C}.Debug|Any CPU.ActiveCfg = Debug|Any CPU
		{A6B72826-C5EF-4CC0-A007-EACD3A58F65C}.Debug|Any CPU.Build.0 = Debug|Any CPU
		{A6B72826-C5EF-4CC0-A007-EACD3A58F65C}.Release|Any CPU.ActiveCfg = Release|Any CPU
		{A6B72826-C5EF-4CC0-A007-EACD3A58F65C}.Release|Any CPU.Build.0 = Release|Any CPU
		{09F75416-657A-477E-BC20-EB201B34069F}.Debug|Any CPU.ActiveCfg = Debug|Any CPU
		{09F75416-657A-477E-BC20-EB201B34069F}.Debug|Any CPU.Build.0 = Debug|Any CPU
		{09F75416-657A-477E-BC20-EB201B34069F}.Release|Any CPU.ActiveCfg = Release|Any CPU
		{09F75416-657A-477E-BC20-EB201B34069F}.Release|Any CPU.Build.0 = Release|Any CPU
		{C98B2BDE-8DF0-4F83-BA9E-BA90CB09FA87}.Debug|Any CPU.ActiveCfg = Debug|Any CPU
		{C98B2BDE-8DF0-4F83-BA9E-BA90CB09FA87}.Debug|Any CPU.Build.0 = Debug|Any CPU
		{C98B2BDE-8DF0-4F83-BA9E-BA90CB09FA87}.Release|Any CPU.ActiveCfg = Release|Any CPU
		{C98B2BDE-8DF0-4F83-BA9E-BA90CB09FA87}.Release|Any CPU.Build.0 = Release|Any CPU
		{5778A767-C424-4602-A097-298F7A1A3D70}.Debug|Any CPU.ActiveCfg = Debug|Any CPU
		{5778A767-C424-4602-A097-298F7A1A3D70}.Debug|Any CPU.Build.0 = Debug|Any CPU
		{5778A767-C424-4602-A097-298F7A1A3D70}.Release|Any CPU.ActiveCfg = Release|Any CPU
		{5778A767-C424-4602-A097-298F7A1A3D70}.Release|Any CPU.Build.0 = Release|Any CPU
		{DDA63E00-24D5-4731-9A89-E79C491E811A}.Debug|Any CPU.ActiveCfg = Debug|Any CPU
		{DDA63E00-24D5-4731-9A89-E79C491E811A}.Debug|Any CPU.Build.0 = Debug|Any CPU
		{DDA63E00-24D5-4731-9A89-E79C491E811A}.Release|Any CPU.ActiveCfg = Release|Any CPU
		{DDA63E00-24D5-4731-9A89-E79C491E811A}.Release|Any CPU.Build.0 = Release|Any CPU
		{16C48D76-220C-4135-831F-52EA77548E63}.Debug|Any CPU.ActiveCfg = Debug|Any CPU
		{16C48D76-220C-4135-831F-52EA77548E63}.Debug|Any CPU.Build.0 = Debug|Any CPU
		{16C48D76-220C-4135-831F-52EA77548E63}.Release|Any CPU.ActiveCfg = Release|Any CPU
		{16C48D76-220C-4135-831F-52EA77548E63}.Release|Any CPU.Build.0 = Release|Any CPU
		{9D2F0302-1032-4F95-959B-FD789FA1677C}.Debug|Any CPU.ActiveCfg = Debug|Any CPU
		{9D2F0302-1032-4F95-959B-FD789FA1677C}.Debug|Any CPU.Build.0 = Debug|Any CPU
		{9D2F0302-1032-4F95-959B-FD789FA1677C}.Release|Any CPU.ActiveCfg = Release|Any CPU
		{9D2F0302-1032-4F95-959B-FD789FA1677C}.Release|Any CPU.Build.0 = Release|Any CPU
		{BB3A017D-EBB2-4F92-8A41-6DCA754C4566}.Debug|Any CPU.ActiveCfg = Debug|Any CPU
		{BB3A017D-EBB2-4F92-8A41-6DCA754C4566}.Debug|Any CPU.Build.0 = Debug|Any CPU
		{BB3A017D-EBB2-4F92-8A41-6DCA754C4566}.Release|Any CPU.ActiveCfg = Release|Any CPU
		{BB3A017D-EBB2-4F92-8A41-6DCA754C4566}.Release|Any CPU.Build.0 = Release|Any CPU
		{873FF939-E657-420A-8FE4-52A2202A8F78}.Debug|Any CPU.ActiveCfg = Debug|Any CPU
		{873FF939-E657-420A-8FE4-52A2202A8F78}.Debug|Any CPU.Build.0 = Debug|Any CPU
		{873FF939-E657-420A-8FE4-52A2202A8F78}.Release|Any CPU.ActiveCfg = Release|Any CPU
		{873FF939-E657-420A-8FE4-52A2202A8F78}.Release|Any CPU.Build.0 = Release|Any CPU
		{BE8F529C-AA33-4DB5-BBFE-928A662422B2}.Debug|Any CPU.ActiveCfg = Debug|Any CPU
		{BE8F529C-AA33-4DB5-BBFE-928A662422B2}.Debug|Any CPU.Build.0 = Debug|Any CPU
		{BE8F529C-AA33-4DB5-BBFE-928A662422B2}.Release|Any CPU.ActiveCfg = Release|Any CPU
		{BE8F529C-AA33-4DB5-BBFE-928A662422B2}.Release|Any CPU.Build.0 = Release|Any CPU
		{C3D27350-532C-4EA7-A984-5FCD68AA037A}.Debug|Any CPU.ActiveCfg = Debug|Any CPU
		{C3D27350-532C-4EA7-A984-5FCD68AA037A}.Debug|Any CPU.Build.0 = Debug|Any CPU
		{C3D27350-532C-4EA7-A984-5FCD68AA037A}.Release|Any CPU.ActiveCfg = Release|Any CPU
		{C3D27350-532C-4EA7-A984-5FCD68AA037A}.Release|Any CPU.Build.0 = Release|Any CPU
		{791A5A98-51DF-4345-82A1-FB8CEFD2B988}.Debug|Any CPU.ActiveCfg = Debug|Any CPU
		{791A5A98-51DF-4345-82A1-FB8CEFD2B988}.Debug|Any CPU.Build.0 = Debug|Any CPU
		{791A5A98-51DF-4345-82A1-FB8CEFD2B988}.Release|Any CPU.ActiveCfg = Release|Any CPU
		{791A5A98-51DF-4345-82A1-FB8CEFD2B988}.Release|Any CPU.Build.0 = Release|Any CPU
	EndGlobalSection
	GlobalSection(SolutionProperties) = preSolution
		HideSolutionNode = FALSE
	EndGlobalSection
	GlobalSection(NestedProjects) = preSolution
		{C98B2BDE-8DF0-4F83-BA9E-BA90CB09FA87} = {717281DA-828A-4907-ACBA-0B4DA349893D}
		{5778A767-C424-4602-A097-298F7A1A3D70} = {DFFFF51B-72F3-483A-BF64-A84E7A627D26}
		{DDA63E00-24D5-4731-9A89-E79C491E811A} = {C91DE156-BBF2-45F2-B2BD-2902E665855B}
		{16C48D76-220C-4135-831F-52EA77548E63} = {C91DE156-BBF2-45F2-B2BD-2902E665855B}
		{B050E2F4-7477-4475-AD82-CB2A89AC15F5} = {C91DE156-BBF2-45F2-B2BD-2902E665855B}
		{791A5A98-51DF-4345-82A1-FB8CEFD2B988} = {C91DE156-BBF2-45F2-B2BD-2902E665855B}
		{F06B645F-2B99-440B-8CB5-B1534188D7E2} = {C91DE156-BBF2-45F2-B2BD-2902E665855B}
		{BB3A017D-EBB2-4F92-8A41-6DCA754C4566} = {B050E2F4-7477-4475-AD82-CB2A89AC15F5}
		{873FF939-E657-420A-8FE4-52A2202A8F78} = {B050E2F4-7477-4475-AD82-CB2A89AC15F5}
		{BE8F529C-AA33-4DB5-BBFE-928A662422B2} = {B050E2F4-7477-4475-AD82-CB2A89AC15F5}
		{C3D27350-532C-4EA7-A984-5FCD68AA037A} = {B236358F-8164-4AF3-860E-608514952692}
	EndGlobalSection
	GlobalSection(ExtensibilityGlobals) = postSolution
		EnterpriseLibraryConfigurationToolBinariesPath = packages\Unity.2.1.505.2\lib\NET35;packages\Unity.Interception.2.1.505.2\lib\NET35
	EndGlobalSection
EndGlobal
