
Microsoft Visual Studio Solution File, Format Version 12.00
# Visual Studio 2012
Project("{FAE04EC0-301F-11D3-BF4B-00C04F79EFBC}") = "Tribe.Composite", "Tribe.Composite\Tribe.Composite.csproj", "{3D3B2C2F-7482-4CB4-ABEB-79231DEC8D81}"
EndProject
Project("{FAE04EC0-301F-11D3-BF4B-00C04F79EFBC}") = "Tribe", "Tribe\Tribe.csproj", "{4E1D207D-17E0-499E-A77D-4FB969BAB658}"
EndProject
Project("{FAE04EC0-301F-11D3-BF4B-00C04F79EFBC}") = "Tribe.Template", "Tribe.Template\Tribe.Template.csproj", "{6540CDD7-5049-41AA-9637-910E8C15A718}"
EndProject
Project("{2150E333-8FDC-42A3-9474-1A3956D46DE8}") = "Solution Items", "Solution Items", "{346ABD23-A59B-4E06-8483-6F514D1EB9BB}"
	ProjectSection(SolutionItems) = preProject
		build.bat = build.bat
		NuGet.exe = NuGet.exe
		pack.js = pack.js
	EndProjectSection
EndProject
Project("{2150E333-8FDC-42A3-9474-1A3956D46DE8}") = "Packages", "Packages", "{4DBF7747-ECED-4626-B6DD-04BBF974A4FA}"
	ProjectSection(SolutionItems) = preProject
		Packages\Tribe.0.2.2.nupkg = Packages\Tribe.0.2.2.nupkg
		Packages\Tribe.Composite.0.2.2.nupkg = Packages\Tribe.Composite.0.2.2.nupkg
		Packages\Tribe.Template.0.2.2.nupkg = Packages\Tribe.Template.0.2.2.nupkg
	EndProjectSection
EndProject
Global
	GlobalSection(SolutionConfigurationPlatforms) = preSolution
		Debug|Any CPU = Debug|Any CPU
		Release|Any CPU = Release|Any CPU
	EndGlobalSection
	GlobalSection(ProjectConfigurationPlatforms) = postSolution
		{3D3B2C2F-7482-4CB4-ABEB-79231DEC8D81}.Debug|Any CPU.ActiveCfg = Debug|Any CPU
		{3D3B2C2F-7482-4CB4-ABEB-79231DEC8D81}.Debug|Any CPU.Build.0 = Debug|Any CPU
		{3D3B2C2F-7482-4CB4-ABEB-79231DEC8D81}.Release|Any CPU.ActiveCfg = Release|Any CPU
		{3D3B2C2F-7482-4CB4-ABEB-79231DEC8D81}.Release|Any CPU.Build.0 = Release|Any CPU
		{4E1D207D-17E0-499E-A77D-4FB969BAB658}.Debug|Any CPU.ActiveCfg = Debug|Any CPU
		{4E1D207D-17E0-499E-A77D-4FB969BAB658}.Debug|Any CPU.Build.0 = Debug|Any CPU
		{4E1D207D-17E0-499E-A77D-4FB969BAB658}.Release|Any CPU.ActiveCfg = Release|Any CPU
		{4E1D207D-17E0-499E-A77D-4FB969BAB658}.Release|Any CPU.Build.0 = Release|Any CPU
		{6540CDD7-5049-41AA-9637-910E8C15A718}.Debug|Any CPU.ActiveCfg = Debug|Any CPU
		{6540CDD7-5049-41AA-9637-910E8C15A718}.Debug|Any CPU.Build.0 = Debug|Any CPU
		{6540CDD7-5049-41AA-9637-910E8C15A718}.Release|Any CPU.ActiveCfg = Release|Any CPU
		{6540CDD7-5049-41AA-9637-910E8C15A718}.Release|Any CPU.Build.0 = Release|Any CPU
	EndGlobalSection
	GlobalSection(SolutionProperties) = preSolution
		HideSolutionNode = FALSE
	EndGlobalSection
EndGlobal
