
Microsoft Visual Studio Solution File, Format Version 12.00
# Visual Studio 2012
Project("{FAE04EC0-301F-11D3-BF4B-00C04F79EFBC}") = "Tribe.PubSub", "Tribe.PubSub.csproj", "{7B2F6F26-0640-4979-B35F-2740B01D8D29}"
EndProject
Global
	GlobalSection(SolutionConfigurationPlatforms) = preSolution
		Debug|Any CPU = Debug|Any CPU
		Release|Any CPU = Release|Any CPU
	EndGlobalSection
	GlobalSection(ProjectConfigurationPlatforms) = postSolution
		{7B2F6F26-0640-4979-B35F-2740B01D8D29}.Debug|Any CPU.ActiveCfg = Debug|Any CPU
		{7B2F6F26-0640-4979-B35F-2740B01D8D29}.Debug|Any CPU.Build.0 = Debug|Any CPU
		{7B2F6F26-0640-4979-B35F-2740B01D8D29}.Release|Any CPU.ActiveCfg = Release|Any CPU
		{7B2F6F26-0640-4979-B35F-2740B01D8D29}.Release|Any CPU.Build.0 = Release|Any CPU
	EndGlobalSection
	GlobalSection(SolutionProperties) = preSolution
		HideSolutionNode = FALSE
	EndGlobalSection
EndGlobal
